
Microsoft Visual Studio Solution File, Format Version 12.00
# Visual Studio Version 17
VisualStudioVersion = 17.9.34616.47
MinimumVisualStudioVersion = 10.0.40219.1
Project("{FAE04EC0-301F-11D3-BF4B-00C04F79EFBC}") = "PojisteniApp", "PojisteniApp\PojisteniApp.csproj", "{F5B10362-73CA-409A-A1C5-B95B027DE4C2}"
EndProject
Global
	GlobalSection(SolutionConfigurationPlatforms) = preSolution
		Debug|Any CPU = Debug|Any CPU
		Release|Any CPU = Release|Any CPU
	EndGlobalSection
	GlobalSection(ProjectConfigurationPlatforms) = postSolution
		{F5B10362-73CA-409A-A1C5-B95B027DE4C2}.Debug|Any CPU.ActiveCfg = Debug|Any CPU
		{F5B10362-73CA-409A-A1C5-B95B027DE4C2}.Debug|Any CPU.Build.0 = Debug|Any CPU
		{F5B10362-73CA-409A-A1C5-B95B027DE4C2}.Release|Any CPU.ActiveCfg = Release|Any CPU
		{F5B10362-73CA-409A-A1C5-B95B027DE4C2}.Release|Any CPU.Build.0 = Release|Any CPU
	EndGlobalSection
	GlobalSection(SolutionProperties) = preSolution
		HideSolutionNode = FALSE
	EndGlobalSection
	GlobalSection(ExtensibilityGlobals) = postSolution
		SolutionGuid = {CD00B32D-CAD5-4BB4-8DDE-3BF03060A209}
	EndGlobalSection
EndGlobal
